lockfileVersion: '6.0'

settings:
  autoInstallPeers: true
  excludeLinksFromLockfile: false

dependencies:
  ua-parser-js:
    specifier: ^1.0.36
    version: 1.0.36

packages:

  /ua-parser-js@1.0.36:
    resolution: {integrity: sha512-znuyCIXzl8ciS3+y3fHJI/2OhQIXbXw9MWC/o3qwyR+RGppjZHrM27CGFSKCJXi2Kctiz537iOu2KnXs1lMQhw==}
    dev: false
